// !$*UTF8*$!
{
	archiveVersion = 1;
	classes = {
	};
	objectVersion = 46;
	objects = {

/* Begin PBXBuildFile section */
		F2C714751ECC456D00363879 /* main.m in Sources */ = {isa = PBXBuildFile; fileRef = F2C714741ECC456D00363879 /* main.m */; };
		F2C714781ECC456D00363879 /* AppDelegate.m in Sources */ = {isa = PBXBuildFile; fileRef = F2C714771ECC456D00363879 /* AppDelegate.m */; };
		F2C7147B1ECC456D00363879 /* ViewController.m in Sources */ = {isa = PBXBuildFile; fileRef = F2C7147A1ECC456D00363879 /* ViewController.m */; };
		F2C7147E1ECC456D00363879 /* Main.storyboard in Resources */ = {isa = PBXBuildFile; fileRef = F2C7147C1ECC456D00363879 /* Main.storyboard */; };
		F2C714801ECC456D00363879 /* Assets.xcassets in Resources */ = {isa = PBXBuildFile; fileRef = F2C7147F1ECC456D00363879 /* Assets.xcassets */; };
		F2C714831ECC456D00363879 /* LaunchScreen.storyboard in Resources */ = {isa = PBXBuildFile; fileRef = F2C714811ECC456D00363879 /* LaunchScreen.storyboard */; };
		F2C7148E1ECC456D00363879 /* PGHelfBtnViewTests.m in Sources */ = {isa = PBXBuildFile; fileRef = F2C7148D1ECC456D00363879 /* PGHelfBtnViewTests.m */; };
		F2C714991ECC456D00363879 /* PGHelfBtnViewUITests.m in Sources */ = {isa = PBXBuildFile; fileRef = F2C714981ECC456D00363879 /* PGHelfBtnViewUITests.m */; };
/* End PBXBuildFile section */

/* Begin PBXContainerItemProxy section */
		F2C7148A1ECC456D00363879 /* PBXContainerItemProxy */ = {
			isa = PBXContainerItemProxy;
			containerPortal = F2C714681ECC456D00363879 /* Project object */;
			proxyType = 1;
			remoteGlobalIDString = F2C7146F1ECC456D00363879;
			remoteInfo = PGHelfBtnView;
		};
		F2C714951ECC456D00363879 /* PBXContainerItemProxy */ = {
			isa = PBXContainerItemProxy;
			containerPortal = F2C714681ECC456D00363879 /* Project object */;
			proxyType = 1;
			remoteGlobalIDString = F2C7146F1ECC456D00363879;
			remoteInfo = PGHelfBtnView;
		};
/* End PBXContainerItemProxy section */

/* Begin PBXFileReference section */
		F2C714701ECC456D00363879 /* PGHelfBtnView.app */ = {isa = PBXFileReference; explicitFileType = wrapper.application; includeInIndex = 0; path = PGHelfBtnView.app; sourceTree = BUILT_PRODUCTS_DIR; };
		F2C714741ECC456D00363879 /* main.m */ = {isa = PBXFileReference; lastKnownFileType = sourcecode.c.objc; path = main.m; sourceTree = "<group>"; };
		F2C714761ECC456D00363879 /* AppDelegate.h */ = {isa = PBXFileReference; lastKnownFileType = sourcecode.c.h; path = AppDelegate.h; sourceTree = "<group>"; };
		F2C714771ECC456D00363879 /* AppDelegate.m */ = {isa = PBXFileReference; lastKnownFileType = sourcecode.c.objc; path = AppDelegate.m; sourceTree = "<group>"; };
		F2C714791ECC456D00363879 /* ViewController.h */ = {isa = PBXFileReference; lastKnownFileType = sourcecode.c.h; path = ViewController.h; sourceTree = "<group>"; };
		F2C7147A1ECC456D00363879 /* ViewController.m */ = {isa = PBXFileReference; lastKnownFileType = sourcecode.c.objc; path = ViewController.m; sourceTree = "<group>"; };
		F2C7147D1ECC456D00363879 /* Base */ = {isa = PBXFileReference; lastKnownFileType = file.storyboard; name = Base; path = Base.lproj/Main.storyboard; sourceTree = "<group>"; };
		F2C7147F1ECC456D00363879 /* Assets.xcassets */ = {isa = PBXFileReference; lastKnownFileType = folder.assetcatalog; path = Assets.xcassets; sourceTree = "<group>"; };
		F2C714821ECC456D00363879 /* Base */ = {isa = PBXFileReference; lastKnownFileType = file.storyboard; name = Base; path = Base.lproj/LaunchScreen.storyboard; sourceTree = "<group>"; };
		F2C714841ECC456D00363879 /* Info.plist */ = {isa = PBXFileReference; lastKnownFileType = text.plist.xml; path = Info.plist; sourceTree = "<group>"; };
		F2C714891ECC456D00363879 /* PGHelfBtnViewTests.xctest */ = {isa = PBXFileReference; explicitFileType = wrapper.cfbundle; includeInIndex = 0; path = PGHelfBtnViewTests.xctest; sourceTree = BUILT_PRODUCTS_DIR; };
		F2C7148D1ECC456D00363879 /* PGHelfBtnViewTests.m */ = {isa = PBXFileReference; lastKnownFileType = sourcecode.c.objc; path = PGHelfBtnViewTests.m; sourceTree = "<group>"; };
		F2C7148F1ECC456D00363879 /* Info.plist */ = {isa = PBXFileReference; lastKnownFileType = text.plist.xml; path = Info.plist; sourceTree = "<group>"; };
		F2C714941ECC456D00363879 /* PGHelfBtnViewUITests.xctest */ = {isa = PBXFileReference; explicitFileType = wrapper.cfbundle; includeInIndex = 0; path = PGHelfBtnViewUITests.xctest; sourceTree = BUILT_PRODUCTS_DIR; };
		F2C714981ECC456D00363879 /* PGHelfBtnViewUITests.m */ = {isa = PBXFileReference; lastKnownFileType = sourcecode.c.objc; path = PGHelfBtnViewUITests.m; sourceTree = "<group>"; };
		F2C7149A1ECC456D00363879 /* Info.plist */ = {isa = PBXFileReference; lastKnownFileType = text.plist.xml; path = Info.plist; sourceTree = "<group>"; };
/* End PBXFileReference section */

/* Begin PBXFrameworksBuildPhase section */
		F2C7146D1ECC456D00363879 /* Frameworks */ = {
			isa = PBXFrameworksBuildPhase;
			buildActionMask = 2147483647;
			files = (
			);
			runOnlyForDeploymentPostprocessing = 0;
		};
		F2C714861ECC456D00363879 /* Frameworks */ = {
			isa = PBXFrameworksBuildPhase;
			buildActionMask = 2147483647;
			files = (
			);
			runOnlyForDeploymentPostprocessing = 0;
		};
		F2C714911ECC456D00363879 /* Frameworks */ = {
			isa = PBXFrameworksBuildPhase;
			buildActionMask = 2147483647;
			files = (
			);
			runOnlyForDeploymentPostprocessing = 0;
		};
/* End PBXFrameworksBuildPhase section */

/* Begin PBXGroup section */
		F2C714671ECC456D00363879 = {
			isa = PBXGroup;
			children = (
				F2C714721ECC456D00363879 /* PGHelfBtnView */,
				F2C7148C1ECC456D00363879 /* PGHelfBtnViewTests */,
				F2C714971ECC456D00363879 /* PGHelfBtnViewUITests */,
				F2C714711ECC456D00363879 /* Products */,
			);
			sourceTree = "<group>";
		};
		F2C714711ECC456D00363879 /* Products */ = {
			isa = PBXGroup;
			children = (
				F2C714701ECC456D00363879 /* PGHelfBtnView.app */,
				F2C714891ECC456D00363879 /* PGHelfBtnViewTests.xctest */,
				F2C714941ECC456D00363879 /* PGHelfBtnViewUITests.xctest */,
			);
			name = Products;
			sourceTree = "<group>";
		};
		F2C714721ECC456D00363879 /* PGHelfBtnView */ = {
			isa = PBXGroup;
			children = (
				F2C714761ECC456D00363879 /* AppDelegate.h */,
				F2C714771ECC456D00363879 /* AppDelegate.m */,
				F2C714791ECC456D00363879 /* ViewController.h */,
				F2C7147A1ECC456D00363879 /* ViewController.m */,
				F2C7147C1ECC456D00363879 /* Main.storyboard */,
				F2C7147F1ECC456D00363879 /* Assets.xcassets */,
				F2C714811ECC456D00363879 /* LaunchScreen.storyboard */,
				F2C714841ECC456D00363879 /* Info.plist */,
				F2C714731ECC456D00363879 /* Supporting Files */,
			);
			path = PGHelfBtnView;
			sourceTree = "<group>";
		};
		F2C714731ECC456D00363879 /* Supporting Files */ = {
			isa = PBXGroup;
			children = (
				F2C714741ECC456D00363879 /* main.m */,
			);
			name = "Supporting Files";
			sourceTree = "<group>";
		};
		F2C7148C1ECC456D00363879 /* PGHelfBtnViewTests */ = {
			isa = PBXGroup;
			children = (
				F2C7148D1ECC456D00363879 /* PGHelfBtnViewTests.m */,
				F2C7148F1ECC456D00363879 /* Info.plist */,
			);
			path = PGHelfBtnViewTests;
			sourceTree = "<group>";
		};
		F2C714971ECC456D00363879 /* PGHelfBtnViewUITests */ = {
			isa = PBXGroup;
			children = (
				F2C714981ECC456D00363879 /* PGHelfBtnViewUITests.m */,
				F2C7149A1ECC456D00363879 /* Info.plist */,
			);
			path = PGHelfBtnViewUITests;
			sourceTree = "<group>";
		};
/* End PBXGroup section */

/* Begin PBXNativeTarget section */
		F2C7146F1ECC456D00363879 /* PGHelfBtnView */ = {
			isa = PBXNativeTarget;
			buildConfigurationList = F2C7149D1ECC456D00363879 /* Build configuration list for PBXNativeTarget "PGHelfBtnView" */;
			buildPhases = (
				F2C7146C1ECC456D00363879 /* Sources */,
				F2C7146D1ECC456D00363879 /* Frameworks */,
				F2C7146E1ECC456D00363879 /* Resources */,
			);
			buildRules = (
			);
			dependencies = (
			);
			name = PGHelfBtnView;
			productName = PGHelfBtnView;
			productReference = F2C714701ECC456D00363879 /* PGHelfBtnView.app */;
			productType = "com.apple.product-type.application";
		};
		F2C714881ECC456D00363879 /* PGHelfBtnViewTests */ = {
			isa = PBXNativeTarget;
			buildConfigurationList = F2C714A01ECC456D00363879 /* Build configuration list for PBXNativeTarget "PGHelfBtnViewTests" */;
			buildPhases = (
				F2C714851ECC456D00363879 /* Sources */,
				F2C714861ECC456D00363879 /* Frameworks */,
				F2C714871ECC456D00363879 /* Resources */,
			);
			buildRules = (
			);
			dependencies = (
				F2C7148B1ECC456D00363879 /* PBXTargetDependency */,
			);
			name = PGHelfBtnViewTests;
			productName = PGHelfBtnViewTests;
			productReference = F2C714891ECC456D00363879 /* PGHelfBtnViewTests.xctest */;
			productType = "com.apple.product-type.bundle.unit-test";
		};
		F2C714931ECC456D00363879 /* PGHelfBtnViewUITests */ = {
			isa = PBXNativeTarget;
			buildConfigurationList = F2C714A31ECC456D00363879 /* Build configuration list for PBXNativeTarget "PGHelfBtnViewUITests" */;
			buildPhases = (
				F2C714901ECC456D00363879 /* Sources */,
				F2C714911ECC456D00363879 /* Frameworks */,
				F2C714921ECC456D00363879 /* Resources */,
			);
			buildRules = (
			);
			dependencies = (
				F2C714961ECC456D00363879 /* PBXTargetDependency */,
			);
			name = PGHelfBtnViewUITests;
			productName = PGHelfBtnViewUITests;
			productReference = F2C714941ECC456D00363879 /* PGHelfBtnViewUITests.xctest */;
			productType = "com.apple.product-type.bundle.ui-testing";
		};
/* End PBXNativeTarget section */

/* Begin PBXProject section */
		F2C714681ECC456D00363879 /* Project object */ = {
			isa = PBXProject;
			attributes = {
				LastUpgradeCheck = 0830;
				ORGANIZATIONNAME = "张培根";
				TargetAttributes = {
					F2C7146F1ECC456D00363879 = {
						CreatedOnToolsVersion = 8.3.2;
						DevelopmentTeam = Q6LCYLPS2K;
						ProvisioningStyle = Automatic;
					};
					F2C714881ECC456D00363879 = {
						CreatedOnToolsVersion = 8.3.2;
						DevelopmentTeam = Q6LCYLPS2K;
						ProvisioningStyle = Automatic;
						TestTargetID = F2C7146F1ECC456D00363879;
					};
					F2C714931ECC456D00363879 = {
						CreatedOnToolsVersion = 8.3.2;
						DevelopmentTeam = Q6LCYLPS2K;
						ProvisioningStyle = Automatic;
						TestTargetID = F2C7146F1ECC456D00363879;
					};
				};
			};
			buildConfigurationList = F2C7146B1ECC456D00363879 /* Build configuration list for PBXProject "PGHelfBtnView" */;
			compatibilityVersion = "Xcode 3.2";
			developmentRegion = English;
			hasScannedForEncodings = 0;
			knownRegions = (
				en,
				Base,
			);
			mainGroup = F2C714671ECC456D00363879;
			productRefGroup = F2C714711ECC456D00363879 /* Products */;
			projectDirPath = "";
			projectRoot = "";
			targets = (
				F2C7146F1ECC456D00363879 /* PGHelfBtnView */,
				F2C714881ECC456D00363879 /* PGHelfBtnViewTests */,
				F2C714931ECC456D00363879 /* PGHelfBtnViewUITests */,
			);
		};
/* End PBXProject section */

/* Begin PBXResourcesBuildPhase section */
		F2C7146E1ECC456D00363879 /* Resources */ = {
			isa = PBXResourcesBuildPhase;
			buildActionMask = 2147483647;
			files = (
				F2C714831ECC456D00363879 /* LaunchScreen.storyboard in Resources */,
				F2C714801ECC456D00363879 /* Assets.xcassets in Resources */,
				F2C7147E1ECC456D00363879 /* Main.storyboard in Resources */,
			);
			runOnlyForDeploymentPostprocessing = 0;
		};
		F2C714871ECC456D00363879 /* Resources */ = {
			isa = PBXResourcesBuildPhase;
			buildActionMask = 2147483647;
			files = (
			);
			runOnlyForDeploymentPostprocessing = 0;
		};
		F2C714921ECC456D00363879 /* Resources */ = {
			isa = PBXResourcesBuildPhase;
			buildActionMask = 2147483647;
			files = (
			);
			runOnlyForDeploymentPostprocessing = 0;
		};
/* End PBXResourcesBuildPhase section */

/* Begin PBXSourcesBuildPhase section */
		F2C7146C1ECC456D00363879 /* Sources */ = {
			isa = PBXSourcesBuildPhase;
			buildActionMask = 2147483647;
			files = (
				F2C7147B1ECC456D00363879 /* ViewController.m in Sources */,
				F2C714781ECC456D00363879 /* AppDelegate.m in Sources */,
				F2C714751ECC456D00363879 /* main.m in Sources */,
			);
			runOnlyForDeploymentPostprocessing = 0;
		};
		F2C714851ECC456D00363879 /* Sources */ = {
			isa = PBXSourcesBuildPhase;
			buildActionMask = 2147483647;
			files = (
				F2C7148E1ECC456D00363879 /* PGHelfBtnViewTests.m in Sources */,
			);
			runOnlyForDeploymentPostprocessing = 0;
		};
		F2C714901ECC456D00363879 /* Sources */ = {
			isa = PBXSourcesBuildPhase;
			buildActionMask = 2147483647;
			files = (
				F2C714991ECC456D00363879 /* PGHelfBtnViewUITests.m in Sources */,
			);
			runOnlyForDeploymentPostprocessing = 0;
		};
/* End PBXSourcesBuildPhase section */

/* Begin PBXTargetDependency section */
		F2C7148B1ECC456D00363879 /* PBXTargetDependency */ = {
			isa = PBXTargetDependency;
			target = F2C7146F1ECC456D00363879 /* PGHelfBtnView */;
			targetProxy = F2C7148A1ECC456D00363879 /* PBXContainerItemProxy */;
		};
		F2C714961ECC456D00363879 /* PBXTargetDependency */ = {
			isa = PBXTargetDependency;
			target = F2C7146F1ECC456D00363879 /* PGHelfBtnView */;
			targetProxy = F2C714951ECC456D00363879 /* PBXContainerItemProxy */;
		};
/* End PBXTargetDependency section */

/* Begin PBXVariantGroup section */
		F2C7147C1ECC456D00363879 /* Main.storyboard */ = {
			isa = PBXVariantGroup;
			children = (
				F2C7147D1ECC456D00363879 /* Base */,
			);
			name = Main.storyboard;
			sourceTree = "<group>";
		};
		F2C714811ECC456D00363879 /* LaunchScreen.storyboard */ = {
			isa = PBXVariantGroup;
			children = (
				F2C714821ECC456D00363879 /* Base */,
			);
			name = LaunchScreen.storyboard;
			sourceTree = "<group>";
		};
/* End PBXVariantGroup section */

/* Begin XCBuildConfiguration section */
		F2C7149B1ECC456D00363879 /* Debug */ = {
			isa = XCBuildConfiguration;
			buildSettings = {
				ALWAYS_SEARCH_USER_PATHS = NO;
				CLANG_ANALYZER_NONNULL = YES;
				CLANG_ANALYZER_NUMBER_OBJECT_CONVERSION = YES_AGGRESSIVE;
				CLANG_CXX_LANGUAGE_STANDARD = "gnu++0x";
				CLANG_CXX_LIBRARY = "libc++";
				CLANG_ENABLE_MODULES = YES;
				CLANG_ENABLE_OBJC_ARC = YES;
				CLANG_WARN_BOOL_CONVERSION = YES;
				CLANG_WARN_CONSTANT_CONVERSION = YES;
				CLANG_WARN_DIRECT_OBJC_ISA_USAGE = YES_ERROR;
				CLANG_WARN_DOCUMENTATION_COMMENTS = YES;
				CLANG_WARN_EMPTY_BODY = YES;
				CLANG_WARN_ENUM_CONVERSION = YES;
				CLANG_WARN_INFINITE_RECURSION = YES;
				CLANG_WARN_INT_CONVERSION = YES;
				CLANG_WARN_OBJC_ROOT_CLASS = YES_ERROR;
				CLANG_WARN_SUSPICIOUS_MOVE = YES;
				CLANG_WARN_UNREACHABLE_CODE = YES;
				CLANG_WARN__DUPLICATE_METHOD_MATCH = YES;
				"CODE_SIGN_IDENTITY[sdk=iphoneos*]" = "iPhone Developer";
				COPY_PHASE_STRIP = NO;
				DEBUG_INFORMATION_FORMAT = dwarf;
				ENABLE_STRICT_OBJC_MSGSEND = YES;
				ENABLE_TESTABILITY = YES;
				GCC_C_LANGUAGE_STANDARD = gnu99;
				GCC_DYNAMIC_NO_PIC = NO;
				GCC_NO_COMMON_BLOCKS = YES;
				GCC_OPTIMIZATION_LEVEL = 0;
				GCC_PREPROCESSOR_DEFINITIONS = (
					"DEBUG=1",
					"$(inherited)",
				);
				GCC_WARN_64_TO_32_BIT_CONVERSION = YES;
				GCC_WARN_ABOUT_RETURN_TYPE = YES_ERROR;
				GCC_WARN_UNDECLARED_SELECTOR = YES;
				GCC_WARN_UNINITIALIZED_AUTOS = YES_AGGRESSIVE;
				GCC_WARN_UNUSED_FUNCTION = YES;
				GCC_WARN_UNUSED_VARIABLE = YES;
				IPHONEOS_DEPLOYMENT_TARGET = 10.3;
				MTL_ENABLE_DEBUG_INFO = YES;
				ONLY_ACTIVE_ARCH = YES;
				SDKROOT = iphoneos;
			};
			name = Debug;
		};
		F2C7149C1ECC456D00363879 /* Release */ = {
			isa = XCBuildConfiguration;
			buildSettings = {
				ALWAYS_SEARCH_USER_PATHS = NO;
				CLANG_ANALYZER_NONNULL = YES;
				CLANG_ANALYZER_NUMBER_OBJECT_CONVERSION = YES_AGGRESSIVE;
				CLANG_CXX_LANGUAGE_STANDARD = "gnu++0x";
				CLANG_CXX_LIBRARY = "libc++";
				CLANG_ENABLE_MODULES = YES;
				CLANG_ENABLE_OBJC_ARC = YES;
				CLANG_WARN_BOOL_CONVERSION = YES;
				CLANG_WARN_CONSTANT_CONVERSION = YES;
				CLANG_WARN_DIRECT_OBJC_ISA_USAGE = YES_ERROR;
				CLANG_WARN_DOCUMENTATION_COMMENTS = YES;
				CLANG_WARN_EMPTY_BODY = YES;
				CLANG_WARN_ENUM_CONVERSION = YES;
				CLANG_WARN_INFINITE_RECURSION = YES;
				CLANG_WARN_INT_CONVERSION = YES;
				CLANG_WARN_OBJC_ROOT_CLASS = YES_ERROR;
				CLANG_WARN_SUSPICIOUS_MOVE = YES;
				CLANG_WARN_UNREACHABLE_CODE = YES;
				CLANG_WARN__DUPLICATE_METHOD_MATCH = YES;
				"CODE_SIGN_IDENTITY[sdk=iphoneos*]" = "iPhone Developer";
				COPY_PHASE_STRIP = NO;
				DEBUG_INFORMATION_FORMAT = "dwarf-with-dsym";
				ENABLE_NS_ASSERTIONS = NO;
				ENABLE_STRICT_OBJC_MSGSEND = YES;
				GCC_C_LANGUAGE_STANDARD = gnu99;
				GCC_NO_COMMON_BLOCKS = YES;
				GCC_WARN_64_TO_32_BIT_CONVERSION = YES;
				GCC_WARN_ABOUT_RETURN_TYPE = YES_ERROR;
				GCC_WARN_UNDECLARED_SELECTOR = YES;
				GCC_WARN_UNINITIALIZED_AUTOS = YES_AGGRESSIVE;
				GCC_WARN_UNUSED_FUNCTION = YES;
				GCC_WARN_UNUSED_VARIABLE = YES;
				IPHONEOS_DEPLOYMENT_TARGET = 10.3;
				MTL_ENABLE_DEBUG_INFO = NO;
				SDKROOT = iphoneos;
				VALIDATE_PRODUCT = YES;
			};
			name = Release;
		};
		F2C7149E1ECC456D00363879 /* Debug */ = {
			isa = XCBuildConfiguration;
			buildSettings = {
				ASSETCATALOG_COMPILER_APPICON_NAME = AppIcon;
				DEVELOPMENT_TEAM = Q6LCYLPS2K;
				INFOPLIST_FILE = PGHelfBtnView/Info.plist;
				LD_RUNPATH_SEARCH_PATHS = "$(inherited) @executable_path/Frameworks";
				PRODUCT_BUNDLE_IDENTIFIER = com.bacon.PGHelfBtnView;
				PRODUCT_NAME = "$(TARGET_NAME)";
			};
			name = Debug;
		};
		F2C7149F1ECC456D00363879 /* Release */ = {
			isa = XCBuildConfiguration;
			buildSettings = {
				ASSETCATALOG_COMPILER_APPICON_NAME = AppIcon;
				DEVELOPMENT_TEAM = Q6LCYLPS2K;
				INFOPLIST_FILE = PGHelfBtnView/Info.plist;
				LD_RUNPATH_SEARCH_PATHS = "$(inherited) @executable_path/Frameworks";
				PRODUCT_BUNDLE_IDENTIFIER = com.bacon.PGHelfBtnView;
				PRODUCT_NAME = "$(TARGET_NAME)";
			};
			name = Release;
		};
		F2C714A11ECC456D00363879 /* Debug */ = {
			isa = XCBuildConfiguration;
			buildSettings = {
				BUNDLE_LOADER = "$(TEST_HOST)";
				DEVELOPMENT_TEAM = Q6LCYLPS2K;
				INFOPLIST_FILE = PGHelfBtnViewTests/Info.plist;
				LD_RUNPATH_SEARCH_PATHS = "$(inherited) @executable_path/Frameworks @loader_path/Frameworks";
				PRODUCT_BUNDLE_IDENTIFIER = com.bacon.PGHelfBtnViewTests;
				PRODUCT_NAME = "$(TARGET_NAME)";
				TEST_HOST = "$(BUILT_PRODUCTS_DIR)/PGHelfBtnView.app/PGHelfBtnView";
			};
			name = Debug;
		};
		F2C714A21ECC456D00363879 /* Release */ = {
			isa = XCBuildConfiguration;
			buildSettings = {
				BUNDLE_LOADER = "$(TEST_HOST)";
				DEVELOPMENT_TEAM = Q6LCYLPS2K;
				INFOPLIST_FILE = PGHelfBtnViewTests/Info.plist;
				LD_RUNPATH_SEARCH_PATHS = "$(inherited) @executable_path/Frameworks @loader_path/Frameworks";
				PRODUCT_BUNDLE_IDENTIFIER = com.bacon.PGHelfBtnViewTests;
				PRODUCT_NAME = "$(TARGET_NAME)";
				TEST_HOST = "$(BUILT_PRODUCTS_DIR)/PGHelfBtnView.app/PGHelfBtnView";
			};
			name = Release;
		};
		F2C714A41ECC456D00363879 /* Debug */ = {
			isa = XCBuildConfiguration;
			buildSettings = {
				DEVELOPMENT_TEAM = Q6LCYLPS2K;
				INFOPLIST_FILE = PGHelfBtnViewUITests/Info.plist;
				LD_RUNPATH_SEARCH_PATHS = "$(inherited) @executable_path/Frameworks @loader_path/Frameworks";
				PRODUCT_BUNDLE_IDENTIFIER = com.bacon.PGHelfBtnViewUITests;
				PRODUCT_NAME = "$(TARGET_NAME)";
				TEST_TARGET_NAME = PGHelfBtnView;
			};
			name = Debug;
		};
		F2C714A51ECC456D00363879 /* Release */ = {
			isa = XCBuildConfiguration;
			buildSettings = {
				DEVELOPMENT_TEAM = Q6LCYLPS2K;
				INFOPLIST_FILE = PGHelfBtnViewUITests/Info.plist;
				LD_RUNPATH_SEARCH_PATHS = "$(inherited) @executable_path/Frameworks @loader_path/Frameworks";
				PRODUCT_BUNDLE_IDENTIFIER = com.bacon.PGHelfBtnViewUITests;
				PRODUCT_NAME = "$(TARGET_NAME)";
				TEST_TARGET_NAME = PGHelfBtnView;
			};
			name = Release;
		};
/* End XCBuildConfiguration section */

/* Begin XCConfigurationList section */
		F2C7146B1ECC456D00363879 /* Build configuration list for PBXProject "PGHelfBtnView" */ = {
			isa = XCConfigurationList;
			buildConfigurations = (
				F2C7149B1ECC456D00363879 /* Debug */,
				F2C7149C1ECC456D00363879 /* Release */,
			);
			defaultConfigurationIsVisible = 0;
			defaultConfigurationName = Release;
		};
		F2C7149D1ECC456D00363879 /* Build configuration list for PBXNativeTarget "PGHelfBtnView" */ = {
			isa = XCConfigurationList;
			buildConfigurations = (
				F2C7149E1ECC456D00363879 /* Debug */,
				F2C7149F1ECC456D00363879 /* Release */,
			);
			defaultConfigurationIsVisible = 0;
		};
		F2C714A01ECC456D00363879 /* Build configuration list for PBXNativeTarget "PGHelfBtnViewTests" */ = {
			isa = XCConfigurationList;
			buildConfigurations = (
				F2C714A11ECC456D00363879 /* Debug */,
				F2C714A21ECC456D00363879 /* Release */,
			);
			defaultConfigurationIsVisible = 0;
		};
		F2C714A31ECC456D00363879 /* Build configuration list for PBXNativeTarget "PGHelfBtnViewUITests" */ = {
			isa = XCConfigurationList;
			buildConfigurations = (
				F2C714A41ECC456D00363879 /* Debug */,
				F2C714A51ECC456D00363879 /* Release */,
			);
			defaultConfigurationIsVisible = 0;
		};
/* End XCConfigurationList section */
	};
	rootObject = F2C714681ECC456D00363879 /* Project object */;
}
